# THIS IS AN AUTOGENERATED FILE. DO NOT EDIT THIS FILE DIRECTLY.
# yarn lockfile v1


"@types/node@17.0.0":
  version "17.0.0"
  resolved "https://registry.yarnpkg.com/@types/node/-/node-17.0.0.tgz#62797cee3b8b497f6547503b2312254d4fe3c2bb"
  integrity sha512-eMhwJXc931Ihh4tkU+Y7GiLzT/y/DBNpNtr4yU9O2w3SYBsr9NaOPhQlLKRmoWtI54uNwuo0IOUFQjVOTZYRvw==

"@types/prettier@2.4.2":
  version "2.4.2"
  resolved "https://registry.yarnpkg.com/@types/prettier/-/prettier-2.4.2.tgz#4c62fae93eb479660c3bd93f9d24d561597a8281"
  integrity sha512-ekoj4qOQYp7CvjX8ZDBgN86w3MqQhLE1hczEJbEIjgFEumDy+na/4AJAbLXfgEWFNB2pKadM5rPFtuSGMWK7xA==

prettier@2.5.1:
  version "2.5.1"
  resolved "https://registry.yarnpkg.com/prettier/-/prettier-2.5.1.tgz#fff75fa9d519c54cf0fce328c1017d94546bc56a"
  integrity sha512-vBZcPRUR5MZJwoyi3ZoyQlc1rXeEck8KgeC9AwwOn+exuxLxq5toTRDTSaVrXHxelDMHy9zlicw8u66yxoSUFg==

typescript@4.5.4:
  version "4.5.4"
  resolved "https://registry.yarnpkg.com/typescript/-/typescript-4.5.4.tgz#a17d3a0263bf5c8723b9c52f43c5084edf13c2e8"
  integrity sha512-VgYs2A2QIRuGphtzFV7aQJduJ2gyfTljngLzjpfW9FoYZF6xuw1W0vW9ghCKLfcWrCFxK81CSGRAvS1pn4fIUg==
